
Microsoft Visual Studio Solution File, Format Version 12.00
# Visual Studio Version 16
VisualStudioVersion = 16.0.29728.190
MinimumVisualStudioVersion = 10.0.40219.1
Project("{FAE04EC0-301F-11D3-BF4B-00C04F79EFBC}") = "WeatherForecast", "WeatherForecast\WeatherForecast.csproj", "{D5FC6D24-CB66-4195-BCDF-3D818420981D}"
EndProject
Global
	GlobalSection(SolutionConfigurationPlatforms) = preSolution
		Debug|Any CPU = Debug|Any CPU
		Release|Any CPU = Release|Any CPU
	EndGlobalSection
	GlobalSection(ProjectConfigurationPlatforms) = postSolution
		{D5FC6D24-CB66-4195-BCDF-3D818420981D}.Debug|Any CPU.ActiveCfg = Debug|Any CPU
		{D5FC6D24-CB66-4195-BCDF-3D818420981D}.Debug|Any CPU.Build.0 = Debug|Any CPU
		{D5FC6D24-CB66-4195-BCDF-3D818420981D}.Release|Any CPU.ActiveCfg = Release|Any CPU
		{D5FC6D24-CB66-4195-BCDF-3D818420981D}.Release|Any CPU.Build.0 = Release|Any CPU
	EndGlobalSection
	GlobalSection(SolutionProperties) = preSolution
		HideSolutionNode = FALSE
	EndGlobalSection
	GlobalSection(ExtensibilityGlobals) = postSolution
		SolutionGuid = {260C16CB-F46E-4814-9260-703BF310DB40}
	EndGlobalSection
EndGlobal
